
Microsoft Visual Studio Solution File, Format Version 12.00
# Visual Studio Version 16
VisualStudioVersion = 16.0.28803.452
MinimumVisualStudioVersion = 10.0.40219.1
Project("{FAE04EC0-301F-11D3-BF4B-00C04F79EFBC}") = "pythonlogstashv1", "pythonlogstashv1\pythonlogstashv1.csproj", "{59C92556-5D8B-4CDE-9A8A-115BBC5528D9}"
EndProject
Global
	GlobalSection(SolutionConfigurationPlatforms) = preSolution
		Debug|Any CPU = Debug|Any CPU
		Release|Any CPU = Release|Any CPU
	EndGlobalSection
	GlobalSection(ProjectConfigurationPlatforms) = postSolution
		{59C92556-5D8B-4CDE-9A8A-115BBC5528D9}.Debug|Any CPU.ActiveCfg = Debug|Any CPU
		{59C92556-5D8B-4CDE-9A8A-115BBC5528D9}.Debug|Any CPU.Build.0 = Debug|Any CPU
		{59C92556-5D8B-4CDE-9A8A-115BBC5528D9}.Release|Any CPU.ActiveCfg = Release|Any CPU
		{59C92556-5D8B-4CDE-9A8A-115BBC5528D9}.Release|Any CPU.Build.0 = Release|Any CPU
	EndGlobalSection
	GlobalSection(SolutionProperties) = preSolution
		HideSolutionNode = FALSE
	EndGlobalSection
	GlobalSection(ExtensibilityGlobals) = postSolution
		SolutionGuid = {4176DCF0-75E3-449C-AD02-8492A70A5A91}
	EndGlobalSection
EndGlobal
